
Microsoft Visual Studio Solution File, Format Version 12.00
# Visual Studio Version 17
VisualStudioVersion = 17.14.36401.2
MinimumVisualStudioVersion = 10.0.40219.1
Project("{FAE04EC0-301F-11D3-BF4B-00C04F79EFBC}") = "thuvu", "thuvu.csproj", "{F640EAE1-B540-451D-B9EC-061B925C8931}"
EndProject
Global
	GlobalSection(SolutionConfigurationPlatforms) = preSolution
		Debug|Any CPU = Debug|Any CPU
		Release|Any CPU = Release|Any CPU
	EndGlobalSection
	GlobalSection(ProjectConfigurationPlatforms) = postSolution
		{F640EAE1-B540-451D-B9EC-061B925C8931}.Debug|Any CPU.ActiveCfg = Debug|Any CPU
		{F640EAE1-B540-451D-B9EC-061B925C8931}.Debug|Any CPU.Build.0 = Debug|Any CPU
		{F640EAE1-B540-451D-B9EC-061B925C8931}.Release|Any CPU.ActiveCfg = Release|Any CPU
		{F640EAE1-B540-451D-B9EC-061B925C8931}.Release|Any CPU.Build.0 = Release|Any CPU
	EndGlobalSection
	GlobalSection(SolutionProperties) = preSolution
		HideSolutionNode = FALSE
	EndGlobalSection
	GlobalSection(ExtensibilityGlobals) = postSolution
		SolutionGuid = {F5A4E06F-6189-450C-9153-53071475A4F0}
	EndGlobalSection
EndGlobal
