
Microsoft Visual Studio Solution File, Format Version 12.00
# Visual Studio Version 17
VisualStudioVersion = 17.14.36401.2
MinimumVisualStudioVersion = 10.0.40219.1
Project("{FAE04EC0-301F-11D3-BF4B-00C04F79EFBC}") = "thuvu", "thuvu.csproj", "{F640EAE1-B540-451D-B9EC-061B925C8931}"
EndProject
Project("{FAE04EC0-301F-11D3-BF4B-00C04F79EFBC}") = "thuvu.Core", "thuvu.Core\thuvu.Core.csproj", "{2E164058-EBA9-47F6-BE0F-A0E87D71F0D9}"
EndProject
Project("{FAE04EC0-301F-11D3-BF4B-00C04F79EFBC}") = "thuvu.Desktop", "thuvu.Desktop\thuvu.Desktop.csproj", "{6637BCD8-BC81-4508-B2E4-F839804193A8}"
EndProject
Project("{FAE04EC0-301F-11D3-BF4B-00C04F79EFBC}") = "thuvu.Interop", "thuvu.Interop\thuvu.Interop.csproj", "{A82D6224-F693-47C4-B47E-A73D94E5E7D8}"
EndProject
Global
	GlobalSection(SolutionConfigurationPlatforms) = preSolution
		Debug|Any CPU = Debug|Any CPU
		Debug|x64 = Debug|x64
		Debug|x86 = Debug|x86
		Release|Any CPU = Release|Any CPU
		Release|x64 = Release|x64
		Release|x86 = Release|x86
	EndGlobalSection
	GlobalSection(ProjectConfigurationPlatforms) = postSolution
		{F640EAE1-B540-451D-B9EC-061B925C8931}.Debug|Any CPU.ActiveCfg = Debug|Any CPU
		{F640EAE1-B540-451D-B9EC-061B925C8931}.Debug|Any CPU.Build.0 = Debug|Any CPU
		{F640EAE1-B540-451D-B9EC-061B925C8931}.Debug|x64.ActiveCfg = Debug|Any CPU
		{F640EAE1-B540-451D-B9EC-061B925C8931}.Debug|x64.Build.0 = Debug|Any CPU
		{F640EAE1-B540-451D-B9EC-061B925C8931}.Debug|x86.ActiveCfg = Debug|Any CPU
		{F640EAE1-B540-451D-B9EC-061B925C8931}.Debug|x86.Build.0 = Debug|Any CPU
		{F640EAE1-B540-451D-B9EC-061B925C8931}.Release|Any CPU.ActiveCfg = Release|Any CPU
		{F640EAE1-B540-451D-B9EC-061B925C8931}.Release|Any CPU.Build.0 = Release|Any CPU
		{F640EAE1-B540-451D-B9EC-061B925C8931}.Release|x64.ActiveCfg = Release|Any CPU
		{F640EAE1-B540-451D-B9EC-061B925C8931}.Release|x64.Build.0 = Release|Any CPU
		{F640EAE1-B540-451D-B9EC-061B925C8931}.Release|x86.ActiveCfg = Release|Any CPU
		{F640EAE1-B540-451D-B9EC-061B925C8931}.Release|x86.Build.0 = Release|Any CPU
		{2E164058-EBA9-47F6-BE0F-A0E87D71F0D9}.Debug|Any CPU.ActiveCfg = Debug|Any CPU
		{2E164058-EBA9-47F6-BE0F-A0E87D71F0D9}.Debug|Any CPU.Build.0 = Debug|Any CPU
		{2E164058-EBA9-47F6-BE0F-A0E87D71F0D9}.Debug|x64.ActiveCfg = Debug|Any CPU
		{2E164058-EBA9-47F6-BE0F-A0E87D71F0D9}.Debug|x64.Build.0 = Debug|Any CPU
		{2E164058-EBA9-47F6-BE0F-A0E87D71F0D9}.Debug|x86.ActiveCfg = Debug|Any CPU
		{2E164058-EBA9-47F6-BE0F-A0E87D71F0D9}.Debug|x86.Build.0 = Debug|Any CPU
		{2E164058-EBA9-47F6-BE0F-A0E87D71F0D9}.Release|Any CPU.ActiveCfg = Release|Any CPU
		{2E164058-EBA9-47F6-BE0F-A0E87D71F0D9}.Release|Any CPU.Build.0 = Release|Any CPU
		{2E164058-EBA9-47F6-BE0F-A0E87D71F0D9}.Release|x64.ActiveCfg = Release|Any CPU
		{2E164058-EBA9-47F6-BE0F-A0E87D71F0D9}.Release|x64.Build.0 = Release|Any CPU
		{2E164058-EBA9-47F6-BE0F-A0E87D71F0D9}.Release|x86.ActiveCfg = Release|Any CPU
		{2E164058-EBA9-47F6-BE0F-A0E87D71F0D9}.Release|x86.Build.0 = Release|Any CPU
		{6637BCD8-BC81-4508-B2E4-F839804193A8}.Debug|Any CPU.ActiveCfg = Debug|Any CPU
		{6637BCD8-BC81-4508-B2E4-F839804193A8}.Debug|Any CPU.Build.0 = Debug|Any CPU
		{6637BCD8-BC81-4508-B2E4-F839804193A8}.Debug|x64.ActiveCfg = Debug|Any CPU
		{6637BCD8-BC81-4508-B2E4-F839804193A8}.Debug|x64.Build.0 = Debug|Any CPU
		{6637BCD8-BC81-4508-B2E4-F839804193A8}.Debug|x86.ActiveCfg = Debug|Any CPU
		{6637BCD8-BC81-4508-B2E4-F839804193A8}.Debug|x86.Build.0 = Debug|Any CPU
		{6637BCD8-BC81-4508-B2E4-F839804193A8}.Release|Any CPU.ActiveCfg = Release|Any CPU
		{6637BCD8-BC81-4508-B2E4-F839804193A8}.Release|Any CPU.Build.0 = Release|Any CPU
		{6637BCD8-BC81-4508-B2E4-F839804193A8}.Release|x64.ActiveCfg = Release|Any CPU
		{6637BCD8-BC81-4508-B2E4-F839804193A8}.Release|x64.Build.0 = Release|Any CPU
		{6637BCD8-BC81-4508-B2E4-F839804193A8}.Release|x86.ActiveCfg = Release|Any CPU
		{6637BCD8-BC81-4508-B2E4-F839804193A8}.Release|x86.Build.0 = Release|Any CPU
		{A82D6224-F693-47C4-B47E-A73D94E5E7D8}.Debug|Any CPU.ActiveCfg = Debug|Any CPU
		{A82D6224-F693-47C4-B47E-A73D94E5E7D8}.Debug|Any CPU.Build.0 = Debug|Any CPU
		{A82D6224-F693-47C4-B47E-A73D94E5E7D8}.Debug|x64.ActiveCfg = Debug|Any CPU
		{A82D6224-F693-47C4-B47E-A73D94E5E7D8}.Debug|x64.Build.0 = Debug|Any CPU
		{A82D6224-F693-47C4-B47E-A73D94E5E7D8}.Debug|x86.ActiveCfg = Debug|Any CPU
		{A82D6224-F693-47C4-B47E-A73D94E5E7D8}.Debug|x86.Build.0 = Debug|Any CPU
		{A82D6224-F693-47C4-B47E-A73D94E5E7D8}.Release|Any CPU.ActiveCfg = Release|Any CPU
		{A82D6224-F693-47C4-B47E-A73D94E5E7D8}.Release|Any CPU.Build.0 = Release|Any CPU
		{A82D6224-F693-47C4-B47E-A73D94E5E7D8}.Release|x64.ActiveCfg = Release|Any CPU
		{A82D6224-F693-47C4-B47E-A73D94E5E7D8}.Release|x64.Build.0 = Release|Any CPU
		{A82D6224-F693-47C4-B47E-A73D94E5E7D8}.Release|x86.ActiveCfg = Release|Any CPU
		{A82D6224-F693-47C4-B47E-A73D94E5E7D8}.Release|x86.Build.0 = Release|Any CPU
	EndGlobalSection
	GlobalSection(SolutionProperties) = preSolution
		HideSolutionNode = FALSE
	EndGlobalSection
	GlobalSection(ExtensibilityGlobals) = postSolution
		SolutionGuid = {F5A4E06F-6189-450C-9153-53071475A4F0}
	EndGlobalSection
EndGlobal
